// !$*UTF8*$!
{
	archiveVersion = 1;
	classes = {
	};
	objectVersion = 56;
	objects = {

/* Begin PBXBuildFile section */
		3457BCF72BDFDC520082C060 /* SearchEmptyStateApp.swift in Sources */ = {isa = PBXBuildFile; fileRef = 3457BCF62BDFDC520082C060 /* SearchEmptyStateApp.swift */; };
		3457BCF92BDFDC520082C060 /* ContentView.swift in Sources */ = {isa = PBXBuildFile; fileRef = 3457BCF82BDFDC520082C060 /* ContentView.swift */; };
		3457BCFB2BDFDC530082C060 /* Assets.xcassets in Resources */ = {isa = PBXBuildFile; fileRef = 3457BCFA2BDFDC530082C060 /* Assets.xcassets */; };
		3457BCFE2BDFDC530082C060 /* Preview Assets.xcassets in Resources */ = {isa = PBXBuildFile; fileRef = 3457BCFD2BDFDC530082C060 /* Preview Assets.xcassets */; };
		3457BD082BDFDC540082C060 /* SearchEmptyStateTests.swift in Sources */ = {isa = PBXBuildFile; fileRef = 3457BD072BDFDC540082C060 /* SearchEmptyStateTests.swift */; };
		3457BD122BDFDC540082C060 /* SearchEmptyStateUITests.swift in Sources */ = {isa = PBXBuildFile; fileRef = 3457BD112BDFDC540082C060 /* SearchEmptyStateUITests.swift */; };
		3457BD142BDFDC540082C060 /* SearchEmptyStateUITestsLaunchTests.swift in Sources */ = {isa = PBXBuildFile; fileRef = 3457BD132BDFDC540082C060 /* SearchEmptyStateUITestsLaunchTests.swift */; };
/* End PBXBuildFile section */

/* Begin PBXContainerItemProxy section */
		3457BD042BDFDC540082C060 /* PBXContainerItemProxy */ = {
			isa = PBXContainerItemProxy;
			containerPortal = 3457BCEB2BDFDC520082C060 /* Project object */;
			proxyType = 1;
			remoteGlobalIDString = 3457BCF22BDFDC520082C060;
			remoteInfo = SearchEmptyState;
		};
		3457BD0E2BDFDC540082C060 /* PBXContainerItemProxy */ = {
			isa = PBXContainerItemProxy;
			containerPortal = 3457BCEB2BDFDC520082C060 /* Project object */;
			proxyType = 1;
			remoteGlobalIDString = 3457BCF22BDFDC520082C060;
			remoteInfo = SearchEmptyState;
		};
/* End PBXContainerItemProxy section */

/* Begin PBXFileReference section */
		3457BCF32BDFDC520082C060 /* SearchEmptyState.app */ = {isa = PBXFileReference; explicitFileType = wrapper.application; includeInIndex = 0; path = SearchEmptyState.app; sourceTree = BUILT_PRODUCTS_DIR; };
		3457BCF62BDFDC520082C060 /* SearchEmptyStateApp.swift */ = {isa = PBXFileReference; lastKnownFileType = sourcecode.swift; path = SearchEmptyStateApp.swift; sourceTree = "<group>"; };
		3457BCF82BDFDC520082C060 /* ContentView.swift */ = {isa = PBXFileReference; lastKnownFileType = sourcecode.swift; path = ContentView.swift; sourceTree = "<group>"; };
		3457BCFA2BDFDC530082C060 /* Assets.xcassets */ = {isa = PBXFileReference; lastKnownFileType = folder.assetcatalog; path = Assets.xcassets; sourceTree = "<group>"; };
		3457BCFD2BDFDC530082C060 /* Preview Assets.xcassets */ = {isa = PBXFileReference; lastKnownFileType = folder.assetcatalog; path = "Preview Assets.xcassets"; sourceTree = "<group>"; };
		3457BD032BDFDC540082C060 /* SearchEmptyStateTests.xctest */ = {isa = PBXFileReference; explicitFileType = wrapper.cfbundle; includeInIndex = 0; path = SearchEmptyStateTests.xctest; sourceTree = BUILT_PRODUCTS_DIR; };
		3457BD072BDFDC540082C060 /* SearchEmptyStateTests.swift */ = {isa = PBXFileReference; lastKnownFileType = sourcecode.swift; path = SearchEmptyStateTests.swift; sourceTree = "<group>"; };
		3457BD0D2BDFDC540082C060 /* SearchEmptyStateUITests.xctest */ = {isa = PBXFileReference; explicitFileType = wrapper.cfbundle; includeInIndex = 0; path = SearchEmptyStateUITests.xctest; sourceTree = BUILT_PRODUCTS_DIR; };
		3457BD112BDFDC540082C060 /* SearchEmptyStateUITests.swift */ = {isa = PBXFileReference; lastKnownFileType = sourcecode.swift; path = SearchEmptyStateUITests.swift; sourceTree = "<group>"; };
		3457BD132BDFDC540082C060 /* SearchEmptyStateUITestsLaunchTests.swift */ = {isa = PBXFileReference; lastKnownFileType = sourcecode.swift; path = SearchEmptyStateUITestsLaunchTests.swift; sourceTree = "<group>"; };
/* End PBXFileReference section */

/* Begin PBXFrameworksBuildPhase section */
		3457BCF02BDFDC520082C060 /* Frameworks */ = {
			isa = PBXFrameworksBuildPhase;
			buildActionMask = 2147483647;
			files = (
			);
			runOnlyForDeploymentPostprocessing = 0;
		};
		3457BD002BDFDC540082C060 /* Frameworks */ = {
			isa = PBXFrameworksBuildPhase;
			buildActionMask = 2147483647;
			files = (
			);
			runOnlyForDeploymentPostprocessing = 0;
		};
		3457BD0A2BDFDC540082C060 /* Frameworks */ = {
			isa = PBXFrameworksBuildPhase;
			buildActionMask = 2147483647;
			files = (
			);
			runOnlyForDeploymentPostprocessing = 0;
		};
/* End PBXFrameworksBuildPhase section */

/* Begin PBXGroup section */
		3457BCEA2BDFDC520082C060 = {
			isa = PBXGroup;
			children = (
				3457BCF52BDFDC520082C060 /* SearchEmptyState */,
				3457BD062BDFDC540082C060 /* SearchEmptyStateTests */,
				3457BD102BDFDC540082C060 /* SearchEmptyStateUITests */,
				3457BCF42BDFDC520082C060 /* Products */,
			);
			sourceTree = "<group>";
		};
		3457BCF42BDFDC520082C060 /* Products */ = {
			isa = PBXGroup;
			children = (
				3457BCF32BDFDC520082C060 /* SearchEmptyState.app */,
				3457BD032BDFDC540082C060 /* SearchEmptyStateTests.xctest */,
				3457BD0D2BDFDC540082C060 /* SearchEmptyStateUITests.xctest */,
			);
			name = Products;
			sourceTree = "<group>";
		};
		3457BCF52BDFDC520082C060 /* SearchEmptyState */ = {
			isa = PBXGroup;
			children = (
				3457BCF62BDFDC520082C060 /* SearchEmptyStateApp.swift */,
				3457BCF82BDFDC520082C060 /* ContentView.swift */,
				3457BCFA2BDFDC530082C060 /* Assets.xcassets */,
				3457BCFC2BDFDC530082C060 /* Preview Content */,
			);
			path = SearchEmptyState;
			sourceTree = "<group>";
		};
		3457BCFC2BDFDC530082C060 /* Preview Content */ = {
			isa = PBXGroup;
			children = (
				3457BCFD2BDFDC530082C060 /* Preview Assets.xcassets */,
			);
			path = "Preview Content";
			sourceTree = "<group>";
		};
		3457BD062BDFDC540082C060 /* SearchEmptyStateTests */ = {
			isa = PBXGroup;
			children = (
				3457BD072BDFDC540082C060 /* SearchEmptyStateTests.swift */,
			);
			path = SearchEmptyStateTests;
			sourceTree = "<group>";
		};
		3457BD102BDFDC540082C060 /* SearchEmptyStateUITests */ = {
			isa = PBXGroup;
			children = (
				3457BD112BDFDC540082C060 /* SearchEmptyStateUITests.swift */,
				3457BD132BDFDC540082C060 /* SearchEmptyStateUITestsLaunchTests.swift */,
			);
			path = SearchEmptyStateUITests;
			sourceTree = "<group>";
		};
/* End PBXGroup section */

/* Begin PBXNativeTarget section */
		3457BCF22BDFDC520082C060 /* SearchEmptyState */ = {
			isa = PBXNativeTarget;
			buildConfigurationList = 3457BD172BDFDC540082C060 /* Build configuration list for PBXNativeTarget "SearchEmptyState" */;
			buildPhases = (
				3457BCEF2BDFDC520082C060 /* Sources */,
				3457BCF02BDFDC520082C060 /* Frameworks */,
				3457BCF12BDFDC520082C060 /* Resources */,
			);
			buildRules = (
			);
			dependencies = (
			);
			name = SearchEmptyState;
			productName = SearchEmptyState;
			productReference = 3457BCF32BDFDC520082C060 /* SearchEmptyState.app */;
			productType = "com.apple.product-type.application";
		};
		3457BD022BDFDC540082C060 /* SearchEmptyStateTests */ = {
			isa = PBXNativeTarget;
			buildConfigurationList = 3457BD1A2BDFDC540082C060 /* Build configuration list for PBXNativeTarget "SearchEmptyStateTests" */;
			buildPhases = (
				3457BCFF2BDFDC540082C060 /* Sources */,
				3457BD002BDFDC540082C060 /* Frameworks */,
				3457BD012BDFDC540082C060 /* Resources */,
			);
			buildRules = (
			);
			dependencies = (
				3457BD052BDFDC540082C060 /* PBXTargetDependency */,
			);
			name = SearchEmptyStateTests;
			productName = SearchEmptyStateTests;
			productReference = 3457BD032BDFDC540082C060 /* SearchEmptyStateTests.xctest */;
			productType = "com.apple.product-type.bundle.unit-test";
		};
		3457BD0C2BDFDC540082C060 /* SearchEmptyStateUITests */ = {
			isa = PBXNativeTarget;
			buildConfigurationList = 3457BD1D2BDFDC540082C060 /* Build configuration list for PBXNativeTarget "SearchEmptyStateUITests" */;
			buildPhases = (
				3457BD092BDFDC540082C060 /* Sources */,
				3457BD0A2BDFDC540082C060 /* Frameworks */,
				3457BD0B2BDFDC540082C060 /* Resources */,
			);
			buildRules = (
			);
			dependencies = (
				3457BD0F2BDFDC540082C060 /* PBXTargetDependency */,
			);
			name = SearchEmptyStateUITests;
			productName = SearchEmptyStateUITests;
			productReference = 3457BD0D2BDFDC540082C060 /* SearchEmptyStateUITests.xctest */;
			productType = "com.apple.product-type.bundle.ui-testing";
		};
/* End PBXNativeTarget section */

/* Begin PBXProject section */
		3457BCEB2BDFDC520082C060 /* Project object */ = {
			isa = PBXProject;
			attributes = {
				BuildIndependentTargetsInParallel = 1;
				LastSwiftUpdateCheck = 1530;
				LastUpgradeCheck = 1530;
				TargetAttributes = {
					3457BCF22BDFDC520082C060 = {
						CreatedOnToolsVersion = 15.3;
					};
					3457BD022BDFDC540082C060 = {
						CreatedOnToolsVersion = 15.3;
						TestTargetID = 3457BCF22BDFDC520082C060;
					};
					3457BD0C2BDFDC540082C060 = {
						CreatedOnToolsVersion = 15.3;
						TestTargetID = 3457BCF22BDFDC520082C060;
					};
				};
			};
			buildConfigurationList = 3457BCEE2BDFDC520082C060 /* Build configuration list for PBXProject "SearchEmptyState" */;
			compatibilityVersion = "Xcode 14.0";
			developmentRegion = en;
			hasScannedForEncodings = 0;
			knownRegions = (
				en,
				Base,
			);
			mainGroup = 3457BCEA2BDFDC520082C060;
			productRefGroup = 3457BCF42BDFDC520082C060 /* Products */;
			projectDirPath = "";
			projectRoot = "";
			targets = (
				3457BCF22BDFDC520082C060 /* SearchEmptyState */,
				3457BD022BDFDC540082C060 /* SearchEmptyStateTests */,
				3457BD0C2BDFDC540082C060 /* SearchEmptyStateUITests */,
			);
		};
/* End PBXProject section */

/* Begin PBXResourcesBuildPhase section */
		3457BCF12BDFDC520082C060 /* Resources */ = {
			isa = PBXResourcesBuildPhase;
			buildActionMask = 2147483647;
			files = (
				3457BCFE2BDFDC530082C060 /* Preview Assets.xcassets in Resources */,
				3457BCFB2BDFDC530082C060 /* Assets.xcassets in Resources */,
			);
			runOnlyForDeploymentPostprocessing = 0;
		};
		3457BD012BDFDC540082C060 /* Resources */ = {
			isa = PBXResourcesBuildPhase;
			buildActionMask = 2147483647;
			files = (
			);
			runOnlyForDeploymentPostprocessing = 0;
		};
		3457BD0B2BDFDC540082C060 /* Resources */ = {
			isa = PBXResourcesBuildPhase;
			buildActionMask = 2147483647;
			files = (
			);
			runOnlyForDeploymentPostprocessing = 0;
		};
/* End PBXResourcesBuildPhase section */

/* Begin PBXSourcesBuildPhase section */
		3457BCEF2BDFDC520082C060 /* Sources */ = {
			isa = PBXSourcesBuildPhase;
			buildActionMask = 2147483647;
			files = (
				3457BCF92BDFDC520082C060 /* ContentView.swift in Sources */,
				3457BCF72BDFDC520082C060 /* SearchEmptyStateApp.swift in Sources */,
			);
			runOnlyForDeploymentPostprocessing = 0;
		};
		3457BCFF2BDFDC540082C060 /* Sources */ = {
			isa = PBXSourcesBuildPhase;
			buildActionMask = 2147483647;
			files = (
				3457BD082BDFDC540082C060 /* SearchEmptyStateTests.swift in Sources */,
			);
			runOnlyForDeploymentPostprocessing = 0;
		};
		3457BD092BDFDC540082C060 /* Sources */ = {
			isa = PBXSourcesBuildPhase;
			buildActionMask = 2147483647;
			files = (
				3457BD142BDFDC540082C060 /* SearchEmptyStateUITestsLaunchTests.swift in Sources */,
				3457BD122BDFDC540082C060 /* SearchEmptyStateUITests.swift in Sources */,
			);
			runOnlyForDeploymentPostprocessing = 0;
		};
/* End PBXSourcesBuildPhase section */

/* Begin PBXTargetDependency section */
		3457BD052BDFDC540082C060 /* PBXTargetDependency */ = {
			isa = PBXTargetDependency;
			target = 3457BCF22BDFDC520082C060 /* SearchEmptyState */;
			targetProxy = 3457BD042BDFDC540082C060 /* PBXContainerItemProxy */;
		};
		3457BD0F2BDFDC540082C060 /* PBXTargetDependency */ = {
			isa = PBXTargetDependency;
			target = 3457BCF22BDFDC520082C060 /* SearchEmptyState */;
			targetProxy = 3457BD0E2BDFDC540082C060 /* PBXContainerItemProxy */;
		};
/* End PBXTargetDependency section */

/* Begin XCBuildConfiguration section */
		3457BD152BDFDC540082C060 /* Debug */ = {
			isa = XCBuildConfiguration;
			buildSettings = {
				ALWAYS_SEARCH_USER_PATHS = NO;
				ASSETCATALOG_COMPILER_GENERATE_SWIFT_ASSET_SYMBOL_EXTENSIONS = YES;
				CLANG_ANALYZER_NONNULL = YES;
				CLANG_ANALYZER_NUMBER_OBJECT_CONVERSION = YES_AGGRESSIVE;
				CLANG_CXX_LANGUAGE_STANDARD = "gnu++20";
				CLANG_ENABLE_MODULES = YES;
				CLANG_ENABLE_OBJC_ARC = YES;
				CLANG_ENABLE_OBJC_WEAK = YES;
				CLANG_WARN_BLOCK_CAPTURE_AUTORELEASING = YES;
				CLANG_WARN_BOOL_CONVERSION = YES;
				CLANG_WARN_COMMA = YES;
				CLANG_WARN_CONSTANT_CONVERSION = YES;
				CLANG_WARN_DEPRECATED_OBJC_IMPLEMENTATIONS = YES;
				CLANG_WARN_DIRECT_OBJC_ISA_USAGE = YES_ERROR;
				CLANG_WARN_DOCUMENTATION_COMMENTS = YES;
				CLANG_WARN_EMPTY_BODY = YES;
				CLANG_WARN_ENUM_CONVERSION = YES;
				CLANG_WARN_INFINITE_RECURSION = YES;
				CLANG_WARN_INT_CONVERSION = YES;
				CLANG_WARN_NON_LITERAL_NULL_CONVERSION = YES;
				CLANG_WARN_OBJC_IMPLICIT_RETAIN_SELF = YES;
				CLANG_WARN_OBJC_LITERAL_CONVERSION = YES;
				CLANG_WARN_OBJC_ROOT_CLASS = YES_ERROR;
				CLANG_WARN_QUOTED_INCLUDE_IN_FRAMEWORK_HEADER = YES;
				CLANG_WARN_RANGE_LOOP_ANALYSIS = YES;
				CLANG_WARN_STRICT_PROTOTYPES = YES;
				CLANG_WARN_SUSPICIOUS_MOVE = YES;
				CLANG_WARN_UNGUARDED_AVAILABILITY = YES_AGGRESSIVE;
				CLANG_WARN_UNREACHABLE_CODE = YES;
				CLANG_WARN__DUPLICATE_METHOD_MATCH = YES;
				COPY_PHASE_STRIP = NO;
				DEBUG_INFORMATION_FORMAT = dwarf;
				ENABLE_STRICT_OBJC_MSGSEND = YES;
				ENABLE_TESTABILITY = YES;
				ENABLE_USER_SCRIPT_SANDBOXING = YES;
				GCC_C_LANGUAGE_STANDARD = gnu17;
				GCC_DYNAMIC_NO_PIC = NO;
				GCC_NO_COMMON_BLOCKS = YES;
				GCC_OPTIMIZATION_LEVEL = 0;
				GCC_PREPROCESSOR_DEFINITIONS = (
					"DEBUG=1",
					"$(inherited)",
				);
				GCC_WARN_64_TO_32_BIT_CONVERSION = YES;
				GCC_WARN_ABOUT_RETURN_TYPE = YES_ERROR;
				GCC_WARN_UNDECLARED_SELECTOR = YES;
				GCC_WARN_UNINITIALIZED_AUTOS = YES_AGGRESSIVE;
				GCC_WARN_UNUSED_FUNCTION = YES;
				GCC_WARN_UNUSED_VARIABLE = YES;
				IPHONEOS_DEPLOYMENT_TARGET = 17.4;
				LOCALIZATION_PREFERS_STRING_CATALOGS = YES;
				MTL_ENABLE_DEBUG_INFO = INCLUDE_SOURCE;
				MTL_FAST_MATH = YES;
				ONLY_ACTIVE_ARCH = YES;
				SDKROOT = iphoneos;
				SWIFT_ACTIVE_COMPILATION_CONDITIONS = "DEBUG $(inherited)";
				SWIFT_OPTIMIZATION_LEVEL = "-Onone";
			};
			name = Debug;
		};
		3457BD162BDFDC540082C060 /* Release */ = {
			isa = XCBuildConfiguration;
			buildSettings = {
				ALWAYS_SEARCH_USER_PATHS = NO;
				ASSETCATALOG_COMPILER_GENERATE_SWIFT_ASSET_SYMBOL_EXTENSIONS = YES;
				CLANG_ANALYZER_NONNULL = YES;
				CLANG_ANALYZER_NUMBER_OBJECT_CONVERSION = YES_AGGRESSIVE;
				CLANG_CXX_LANGUAGE_STANDARD = "gnu++20";
				CLANG_ENABLE_MODULES = YES;
				CLANG_ENABLE_OBJC_ARC = YES;
				CLANG_ENABLE_OBJC_WEAK = YES;
				CLANG_WARN_BLOCK_CAPTURE_AUTORELEASING = YES;
				CLANG_WARN_BOOL_CONVERSION = YES;
				CLANG_WARN_COMMA = YES;
				CLANG_WARN_CONSTANT_CONVERSION = YES;
				CLANG_WARN_DEPRECATED_OBJC_IMPLEMENTATIONS = YES;
				CLANG_WARN_DIRECT_OBJC_ISA_USAGE = YES_ERROR;
				CLANG_WARN_DOCUMENTATION_COMMENTS = YES;
				CLANG_WARN_EMPTY_BODY = YES;
				CLANG_WARN_ENUM_CONVERSION = YES;
				CLANG_WARN_INFINITE_RECURSION = YES;
				CLANG_WARN_INT_CONVERSION = YES;
				CLANG_WARN_NON_LITERAL_NULL_CONVERSION = YES;
				CLANG_WARN_OBJC_IMPLICIT_RETAIN_SELF = YES;
				CLANG_WARN_OBJC_LITERAL_CONVERSION = YES;
				CLANG_WARN_OBJC_ROOT_CLASS = YES_ERROR;
				CLANG_WARN_QUOTED_INCLUDE_IN_FRAMEWORK_HEADER = YES;
				CLANG_WARN_RANGE_LOOP_ANALYSIS = YES;
				CLANG_WARN_STRICT_PROTOTYPES = YES;
				CLANG_WARN_SUSPICIOUS_MOVE = YES;
				CLANG_WARN_UNGUARDED_AVAILABILITY = YES_AGGRESSIVE;
				CLANG_WARN_UNREACHABLE_CODE = YES;
				CLANG_WARN__DUPLICATE_METHOD_MATCH = YES;
				COPY_PHASE_STRIP = NO;
				DEBUG_INFORMATION_FORMAT = "dwarf-with-dsym";
				ENABLE_NS_ASSERTIONS = NO;
				ENABLE_STRICT_OBJC_MSGSEND = YES;
				ENABLE_USER_SCRIPT_SANDBOXING = YES;
				GCC_C_LANGUAGE_STANDARD = gnu17;
				GCC_NO_COMMON_BLOCKS = YES;
				GCC_WARN_64_TO_32_BIT_CONVERSION = YES;
				GCC_WARN_ABOUT_RETURN_TYPE = YES_ERROR;
				GCC_WARN_UNDECLARED_SELECTOR = YES;
				GCC_WARN_UNINITIALIZED_AUTOS = YES_AGGRESSIVE;
				GCC_WARN_UNUSED_FUNCTION = YES;
				GCC_WARN_UNUSED_VARIABLE = YES;
				IPHONEOS_DEPLOYMENT_TARGET = 17.4;
				LOCALIZATION_PREFERS_STRING_CATALOGS = YES;
				MTL_ENABLE_DEBUG_INFO = NO;
				MTL_FAST_MATH = YES;
				SDKROOT = iphoneos;
				SWIFT_COMPILATION_MODE = wholemodule;
				VALIDATE_PRODUCT = YES;
			};
			name = Release;
		};
		3457BD182BDFDC540082C060 /* Debug */ = {
			isa = XCBuildConfiguration;
			buildSettings = {
				ASSETCATALOG_COMPILER_APPICON_NAME = AppIcon;
				ASSETCATALOG_COMPILER_GLOBAL_ACCENT_COLOR_NAME = AccentColor;
				CODE_SIGN_STYLE = Automatic;
				CURRENT_PROJECT_VERSION = 1;
				DEVELOPMENT_ASSET_PATHS = "\"SearchEmptyState/Preview Content\"";
				ENABLE_PREVIEWS = YES;
				GENERATE_INFOPLIST_FILE = YES;
				INFOPLIST_KEY_UIApplicationSceneManifest_Generation = YES;
				INFOPLIST_KEY_UIApplicationSupportsIndirectInputEvents = YES;
				INFOPLIST_KEY_UILaunchScreen_Generation = YES;
				INFOPLIST_KEY_UISupportedInterfaceOrientations_iPad = "UIInterfaceOrientationPortrait UIInterfaceOrientationPortraitUpsideDown UIInterfaceOrientationLandscapeLeft UIInterfaceOrientationLandscapeRight";
				INFOPLIST_KEY_UISupportedInterfaceOrientations_iPhone = "UIInterfaceOrientationPortrait UIInterfaceOrientationLandscapeLeft UIInterfaceOrientationLandscapeRight";
				LD_RUNPATH_SEARCH_PATHS = (
					"$(inherited)",
					"@executable_path/Frameworks",
				);
				MARKETING_VERSION = 1.0;
				PRODUCT_BUNDLE_IDENTIFIER = tech.lipejose.SearchEmptyState;
				PRODUCT_NAME = "$(TARGET_NAME)";
				SWIFT_EMIT_LOC_STRINGS = YES;
				SWIFT_VERSION = 5.0;
				TARGETED_DEVICE_FAMILY = "1,2";
			};
			name = Debug;
		};
		3457BD192BDFDC540082C060 /* Release */ = {
			isa = XCBuildConfiguration;
			buildSettings = {
				ASSETCATALOG_COMPILER_APPICON_NAME = AppIcon;
				ASSETCATALOG_COMPILER_GLOBAL_ACCENT_COLOR_NAME = AccentColor;
				CODE_SIGN_STYLE = Automatic;
				CURRENT_PROJECT_VERSION = 1;
				DEVELOPMENT_ASSET_PATHS = "\"SearchEmptyState/Preview Content\"";
				ENABLE_PREVIEWS = YES;
				GENERATE_INFOPLIST_FILE = YES;
				INFOPLIST_KEY_UIApplicationSceneManifest_Generation = YES;
				INFOPLIST_KEY_UIApplicationSupportsIndirectInputEvents = YES;
				INFOPLIST_KEY_UILaunchScreen_Generation = YES;
				INFOPLIST_KEY_UISupportedInterfaceOrientations_iPad = "UIInterfaceOrientationPortrait UIInterfaceOrientationPortraitUpsideDown UIInterfaceOrientationLandscapeLeft UIInterfaceOrientationLandscapeRight";
				INFOPLIST_KEY_UISupportedInterfaceOrientations_iPhone = "UIInterfaceOrientationPortrait UIInterfaceOrientationLandscapeLeft UIInterfaceOrientationLandscapeRight";
				LD_RUNPATH_SEARCH_PATHS = (
					"$(inherited)",
					"@executable_path/Frameworks",
				);
				MARKETING_VERSION = 1.0;
				PRODUCT_BUNDLE_IDENTIFIER = tech.lipejose.SearchEmptyState;
				PRODUCT_NAME = "$(TARGET_NAME)";
				SWIFT_EMIT_LOC_STRINGS = YES;
				SWIFT_VERSION = 5.0;
				TARGETED_DEVICE_FAMILY = "1,2";
			};
			name = Release;
		};
		3457BD1B2BDFDC540082C060 /* Debug */ = {
			isa = XCBuildConfiguration;
			buildSettings = {
				ALWAYS_EMBED_SWIFT_STANDARD_LIBRARIES = YES;
				BUNDLE_LOADER = "$(TEST_HOST)";
				CODE_SIGN_STYLE = Automatic;
				CURRENT_PROJECT_VERSION = 1;
				GENERATE_INFOPLIST_FILE = YES;
				IPHONEOS_DEPLOYMENT_TARGET = 17.4;
				MARKETING_VERSION = 1.0;
				PRODUCT_BUNDLE_IDENTIFIER = tech.lipejose.SearchEmptyStateTests;
				PRODUCT_NAME = "$(TARGET_NAME)";
				SWIFT_EMIT_LOC_STRINGS = NO;
				SWIFT_VERSION = 5.0;
				TARGETED_DEVICE_FAMILY = "1,2";
				TEST_HOST = "$(BUILT_PRODUCTS_DIR)/SearchEmptyState.app/$(BUNDLE_EXECUTABLE_FOLDER_PATH)/SearchEmptyState";
			};
			name = Debug;
		};
		3457BD1C2BDFDC540082C060 /* Release */ = {
			isa = XCBuildConfiguration;
			buildSettings = {
				ALWAYS_EMBED_SWIFT_STANDARD_LIBRARIES = YES;
				BUNDLE_LOADER = "$(TEST_HOST)";
				CODE_SIGN_STYLE = Automatic;
				CURRENT_PROJECT_VERSION = 1;
				GENERATE_INFOPLIST_FILE = YES;
				IPHONEOS_DEPLOYMENT_TARGET = 17.4;
				MARKETING_VERSION = 1.0;
				PRODUCT_BUNDLE_IDENTIFIER = tech.lipejose.SearchEmptyStateTests;
				PRODUCT_NAME = "$(TARGET_NAME)";
				SWIFT_EMIT_LOC_STRINGS = NO;
				SWIFT_VERSION = 5.0;
				TARGETED_DEVICE_FAMILY = "1,2";
				TEST_HOST = "$(BUILT_PRODUCTS_DIR)/SearchEmptyState.app/$(BUNDLE_EXECUTABLE_FOLDER_PATH)/SearchEmptyState";
			};
			name = Release;
		};
		3457BD1E2BDFDC540082C060 /* Debug */ = {
			isa = XCBuildConfiguration;
			buildSettings = {
				ALWAYS_EMBED_SWIFT_STANDARD_LIBRARIES = YES;
				CODE_SIGN_STYLE = Automatic;
				CURRENT_PROJECT_VERSION = 1;
				GENERATE_INFOPLIST_FILE = YES;
				MARKETING_VERSION = 1.0;
				PRODUCT_BUNDLE_IDENTIFIER = tech.lipejose.SearchEmptyStateUITests;
				PRODUCT_NAME = "$(TARGET_NAME)";
				SWIFT_EMIT_LOC_STRINGS = NO;
				SWIFT_VERSION = 5.0;
				TARGETED_DEVICE_FAMILY = "1,2";
				TEST_TARGET_NAME = SearchEmptyState;
			};
			name = Debug;
		};
		3457BD1F2BDFDC540082C060 /* Release */ = {
			isa = XCBuildConfiguration;
			buildSettings = {
				ALWAYS_EMBED_SWIFT_STANDARD_LIBRARIES = YES;
				CODE_SIGN_STYLE = Automatic;
				CURRENT_PROJECT_VERSION = 1;
				GENERATE_INFOPLIST_FILE = YES;
				MARKETING_VERSION = 1.0;
				PRODUCT_BUNDLE_IDENTIFIER = tech.lipejose.SearchEmptyStateUITests;
				PRODUCT_NAME = "$(TARGET_NAME)";
				SWIFT_EMIT_LOC_STRINGS = NO;
				SWIFT_VERSION = 5.0;
				TARGETED_DEVICE_FAMILY = "1,2";
				TEST_TARGET_NAME = SearchEmptyState;
			};
			name = Release;
		};
/* End XCBuildConfiguration section */

/* Begin XCConfigurationList section */
		3457BCEE2BDFDC520082C060 /* Build configuration list for PBXProject "SearchEmptyState" */ = {
			isa = XCConfigurationList;
			buildConfigurations = (
				3457BD152BDFDC540082C060 /* Debug */,
				3457BD162BDFDC540082C060 /* Release */,
			);
			defaultConfigurationIsVisible = 0;
			defaultConfigurationName = Release;
		};
		3457BD172BDFDC540082C060 /* Build configuration list for PBXNativeTarget "SearchEmptyState" */ = {
			isa = XCConfigurationList;
			buildConfigurations = (
				3457BD182BDFDC540082C060 /* Debug */,
				3457BD192BDFDC540082C060 /* Release */,
			);
			defaultConfigurationIsVisible = 0;
			defaultConfigurationName = Release;
		};
		3457BD1A2BDFDC540082C060 /* Build configuration list for PBXNativeTarget "SearchEmptyStateTests" */ = {
			isa = XCConfigurationList;
			buildConfigurations = (
				3457BD1B2BDFDC540082C060 /* Debug */,
				3457BD1C2BDFDC540082C060 /* Release */,
			);
			defaultConfigurationIsVisible = 0;
			defaultConfigurationName = Release;
		};
		3457BD1D2BDFDC540082C060 /* Build configuration list for PBXNativeTarget "SearchEmptyStateUITests" */ = {
			isa = XCConfigurationList;
			buildConfigurations = (
				3457BD1E2BDFDC540082C060 /* Debug */,
				3457BD1F2BDFDC540082C060 /* Release */,
			);
			defaultConfigurationIsVisible = 0;
			defaultConfigurationName = Release;
		};
/* End XCConfigurationList section */
	};
	rootObject = 3457BCEB2BDFDC520082C060 /* Project object */;
}
